// !$*UTF8*$!
{
	archiveVersion = 1;
	classes = {
	};
	objectVersion = 46;
	objects = {

/* Begin PBXBuildFile section */
		4B258C8F206051DA00A1E67C /* AppDelegate.swift in Sources */ = {isa = PBXBuildFile; fileRef = 4B258C8E206051DA00A1E67C /* AppDelegate.swift */; };
		4B258C91206051DA00A1E67C /* ViewController.swift in Sources */ = {isa = PBXBuildFile; fileRef = 4B258C90206051DA00A1E67C /* ViewController.swift */; };
		4B258C94206051DA00A1E67C /* Main.storyboard in Resources */ = {isa = PBXBuildFile; fileRef = 4B258C92206051DA00A1E67C /* Main.storyboard */; };
		4B258C96206051DA00A1E67C /* Assets.xcassets in Resources */ = {isa = PBXBuildFile; fileRef = 4B258C95206051DA00A1E67C /* Assets.xcassets */; };
		4B258C99206051DA00A1E67C /* LaunchScreen.storyboard in Resources */ = {isa = PBXBuildFile; fileRef = 4B258C97206051DA00A1E67C /* LaunchScreen.storyboard */; };
		4B258CA4206051DA00A1E67C /* SQLPersistanceTests.swift in Sources */ = {isa = PBXBuildFile; fileRef = 4B258CA3206051DA00A1E67C /* SQLPersistanceTests.swift */; };
		4B258CAF206051DA00A1E67C /* SQLPersistanceUITests.swift in Sources */ = {isa = PBXBuildFile; fileRef = 4B258CAE206051DA00A1E67C /* SQLPersistanceUITests.swift */; };
		4B258CBE2060547D00A1E67C /* libsqlite3.tbd in Frameworks */ = {isa = PBXBuildFile; fileRef = 4B258CBD2060547D00A1E67C /* libsqlite3.tbd */; };
/* End PBXBuildFile section */

/* Begin PBXContainerItemProxy section */
		4B258CA0206051DA00A1E67C /* PBXContainerItemProxy */ = {
			isa = PBXContainerItemProxy;
			containerPortal = 4B258C83206051DA00A1E67C /* Project object */;
			proxyType = 1;
			remoteGlobalIDString = 4B258C8A206051DA00A1E67C;
			remoteInfo = SQLPersistance;
		};
		4B258CAB206051DA00A1E67C /* PBXContainerItemProxy */ = {
			isa = PBXContainerItemProxy;
			containerPortal = 4B258C83206051DA00A1E67C /* Project object */;
			proxyType = 1;
			remoteGlobalIDString = 4B258C8A206051DA00A1E67C;
			remoteInfo = SQLPersistance;
		};
/* End PBXContainerItemProxy section */

/* Begin PBXFileReference section */
		4B258C8B206051DA00A1E67C /* SQLPersistance.app */ = {isa = PBXFileReference; explicitFileType = wrapper.application; includeInIndex = 0; path = SQLPersistance.app; sourceTree = BUILT_PRODUCTS_DIR; };
		4B258C8E206051DA00A1E67C /* AppDelegate.swift */ = {isa = PBXFileReference; lastKnownFileType = sourcecode.swift; path = AppDelegate.swift; sourceTree = "<group>"; };
		4B258C90206051DA00A1E67C /* ViewController.swift */ = {isa = PBXFileReference; lastKnownFileType = sourcecode.swift; path = ViewController.swift; sourceTree = "<group>"; };
		4B258C93206051DA00A1E67C /* Base */ = {isa = PBXFileReference; lastKnownFileType = file.storyboard; name = Base; path = Base.lproj/Main.storyboard; sourceTree = "<group>"; };
		4B258C95206051DA00A1E67C /* Assets.xcassets */ = {isa = PBXFileReference; lastKnownFileType = folder.assetcatalog; path = Assets.xcassets; sourceTree = "<group>"; };
		4B258C98206051DA00A1E67C /* Base */ = {isa = PBXFileReference; lastKnownFileType = file.storyboard; name = Base; path = Base.lproj/LaunchScreen.storyboard; sourceTree = "<group>"; };
		4B258C9A206051DA00A1E67C /* Info.plist */ = {isa = PBXFileReference; lastKnownFileType = text.plist.xml; path = Info.plist; sourceTree = "<group>"; };
		4B258C9F206051DA00A1E67C /* SQLPersistanceTests.xctest */ = {isa = PBXFileReference; explicitFileType = wrapper.cfbundle; includeInIndex = 0; path = SQLPersistanceTests.xctest; sourceTree = BUILT_PRODUCTS_DIR; };
		4B258CA3206051DA00A1E67C /* SQLPersistanceTests.swift */ = {isa = PBXFileReference; lastKnownFileType = sourcecode.swift; path = SQLPersistanceTests.swift; sourceTree = "<group>"; };
		4B258CA5206051DA00A1E67C /* Info.plist */ = {isa = PBXFileReference; lastKnownFileType = text.plist.xml; path = Info.plist; sourceTree = "<group>"; };
		4B258CAA206051DA00A1E67C /* SQLPersistanceUITests.xctest */ = {isa = PBXFileReference; explicitFileType = wrapper.cfbundle; includeInIndex = 0; path = SQLPersistanceUITests.xctest; sourceTree = BUILT_PRODUCTS_DIR; };
		4B258CAE206051DA00A1E67C /* SQLPersistanceUITests.swift */ = {isa = PBXFileReference; lastKnownFileType = sourcecode.swift; path = SQLPersistanceUITests.swift; sourceTree = "<group>"; };
		4B258CB0206051DA00A1E67C /* Info.plist */ = {isa = PBXFileReference; lastKnownFileType = text.plist.xml; path = Info.plist; sourceTree = "<group>"; };
		4B258CBD2060547D00A1E67C /* libsqlite3.tbd */ = {isa = PBXFileReference; lastKnownFileType = "sourcecode.text-based-dylib-definition"; name = libsqlite3.tbd; path = usr/lib/libsqlite3.tbd; sourceTree = SDKROOT; };
		4B258CBF2060561B00A1E67C /* SQLPersistance-Bridging-Header.h */ = {isa = PBXFileReference; lastKnownFileType = sourcecode.c.h; path = "SQLPersistance-Bridging-Header.h"; sourceTree = "<group>"; };
/* End PBXFileReference section */

/* Begin PBXFrameworksBuildPhase section */
		4B258C88206051DA00A1E67C /* Frameworks */ = {
			isa = PBXFrameworksBuildPhase;
			buildActionMask = 2147483647;
			files = (
				4B258CBE2060547D00A1E67C /* libsqlite3.tbd in Frameworks */,
			);
			runOnlyForDeploymentPostprocessing = 0;
		};
		4B258C9C206051DA00A1E67C /* Frameworks */ = {
			isa = PBXFrameworksBuildPhase;
			buildActionMask = 2147483647;
			files = (
			);
			runOnlyForDeploymentPostprocessing = 0;
		};
		4B258CA7206051DA00A1E67C /* Frameworks */ = {
			isa = PBXFrameworksBuildPhase;
			buildActionMask = 2147483647;
			files = (
			);
			runOnlyForDeploymentPostprocessing = 0;
		};
/* End PBXFrameworksBuildPhase section */

/* Begin PBXGroup section */
		4B258C82206051DA00A1E67C = {
			isa = PBXGroup;
			children = (
				4B258C8D206051DA00A1E67C /* SQLPersistance */,
				4B258CA2206051DA00A1E67C /* SQLPersistanceTests */,
				4B258CAD206051DA00A1E67C /* SQLPersistanceUITests */,
				4B258C8C206051DA00A1E67C /* Products */,
				4B258CBC2060547D00A1E67C /* Frameworks */,
			);
			sourceTree = "<group>";
		};
		4B258C8C206051DA00A1E67C /* Products */ = {
			isa = PBXGroup;
			children = (
				4B258C8B206051DA00A1E67C /* SQLPersistance.app */,
				4B258C9F206051DA00A1E67C /* SQLPersistanceTests.xctest */,
				4B258CAA206051DA00A1E67C /* SQLPersistanceUITests.xctest */,
			);
			name = Products;
			sourceTree = "<group>";
		};
		4B258C8D206051DA00A1E67C /* SQLPersistance */ = {
			isa = PBXGroup;
			children = (
				4B258C8E206051DA00A1E67C /* AppDelegate.swift */,
				4B258C90206051DA00A1E67C /* ViewController.swift */,
				4B258C92206051DA00A1E67C /* Main.storyboard */,
				4B258C95206051DA00A1E67C /* Assets.xcassets */,
				4B258C97206051DA00A1E67C /* LaunchScreen.storyboard */,
				4B258C9A206051DA00A1E67C /* Info.plist */,
				4B258CBF2060561B00A1E67C /* SQLPersistance-Bridging-Header.h */,
			);
			path = SQLPersistance;
			sourceTree = "<group>";
		};
		4B258CA2206051DA00A1E67C /* SQLPersistanceTests */ = {
			isa = PBXGroup;
			children = (
				4B258CA3206051DA00A1E67C /* SQLPersistanceTests.swift */,
				4B258CA5206051DA00A1E67C /* Info.plist */,
			);
			path = SQLPersistanceTests;
			sourceTree = "<group>";
		};
		4B258CAD206051DA00A1E67C /* SQLPersistanceUITests */ = {
			isa = PBXGroup;
			children = (
				4B258CAE206051DA00A1E67C /* SQLPersistanceUITests.swift */,
				4B258CB0206051DA00A1E67C /* Info.plist */,
			);
			path = SQLPersistanceUITests;
			sourceTree = "<group>";
		};
		4B258CBC2060547D00A1E67C /* Frameworks */ = {
			isa = PBXGroup;
			children = (
				4B258CBD2060547D00A1E67C /* libsqlite3.tbd */,
			);
			name = Frameworks;
			sourceTree = "<group>";
		};
/* End PBXGroup section */

/* Begin PBXNativeTarget section */
		4B258C8A206051DA00A1E67C /* SQLPersistance */ = {
			isa = PBXNativeTarget;
			buildConfigurationList = 4B258CB3206051DA00A1E67C /* Build configuration list for PBXNativeTarget "SQLPersistance" */;
			buildPhases = (
				4B258C87206051DA00A1E67C /* Sources */,
				4B258C88206051DA00A1E67C /* Frameworks */,
				4B258C89206051DA00A1E67C /* Resources */,
			);
			buildRules = (
			);
			dependencies = (
			);
			name = SQLPersistance;
			productName = SQLPersistance;
			productReference = 4B258C8B206051DA00A1E67C /* SQLPersistance.app */;
			productType = "com.apple.product-type.application";
		};
		4B258C9E206051DA00A1E67C /* SQLPersistanceTests */ = {
			isa = PBXNativeTarget;
			buildConfigurationList = 4B258CB6206051DA00A1E67C /* Build configuration list for PBXNativeTarget "SQLPersistanceTests" */;
			buildPhases = (
				4B258C9B206051DA00A1E67C /* Sources */,
				4B258C9C206051DA00A1E67C /* Frameworks */,
				4B258C9D206051DA00A1E67C /* Resources */,
			);
			buildRules = (
			);
			dependencies = (
				4B258CA1206051DA00A1E67C /* PBXTargetDependency */,
			);
			name = SQLPersistanceTests;
			productName = SQLPersistanceTests;
			productReference = 4B258C9F206051DA00A1E67C /* SQLPersistanceTests.xctest */;
			productType = "com.apple.product-type.bundle.unit-test";
		};
		4B258CA9206051DA00A1E67C /* SQLPersistanceUITests */ = {
			isa = PBXNativeTarget;
			buildConfigurationList = 4B258CB9206051DA00A1E67C /* Build configuration list for PBXNativeTarget "SQLPersistanceUITests" */;
			buildPhases = (
				4B258CA6206051DA00A1E67C /* Sources */,
				4B258CA7206051DA00A1E67C /* Frameworks */,
				4B258CA8206051DA00A1E67C /* Resources */,
			);
			buildRules = (
			);
			dependencies = (
				4B258CAC206051DA00A1E67C /* PBXTargetDependency */,
			);
			name = SQLPersistanceUITests;
			productName = SQLPersistanceUITests;
			productReference = 4B258CAA206051DA00A1E67C /* SQLPersistanceUITests.xctest */;
			productType = "com.apple.product-type.bundle.ui-testing";
		};
/* End PBXNativeTarget section */

/* Begin PBXProject section */
		4B258C83206051DA00A1E67C /* Project object */ = {
			isa = PBXProject;
			attributes = {
				LastSwiftUpdateCheck = 0830;
				LastUpgradeCheck = 0830;
				ORGANIZATIONNAME = "Javier Perez";
				TargetAttributes = {
					4B258C8A206051DA00A1E67C = {
						CreatedOnToolsVersion = 8.3.3;
						LastSwiftMigration = 0830;
						ProvisioningStyle = Automatic;
					};
					4B258C9E206051DA00A1E67C = {
						CreatedOnToolsVersion = 8.3.3;
						ProvisioningStyle = Automatic;
						TestTargetID = 4B258C8A206051DA00A1E67C;
					};
					4B258CA9206051DA00A1E67C = {
						CreatedOnToolsVersion = 8.3.3;
						ProvisioningStyle = Automatic;
						TestTargetID = 4B258C8A206051DA00A1E67C;
					};
				};
			};
			buildConfigurationList = 4B258C86206051DA00A1E67C /* Build configuration list for PBXProject "SQLPersistance" */;
			compatibilityVersion = "Xcode 3.2";
			developmentRegion = English;
			hasScannedForEncodings = 0;
			knownRegions = (
				en,
				Base,
			);
			mainGroup = 4B258C82206051DA00A1E67C;
			productRefGroup = 4B258C8C206051DA00A1E67C /* Products */;
			projectDirPath = "";
			projectRoot = "";
			targets = (
				4B258C8A206051DA00A1E67C /* SQLPersistance */,
				4B258C9E206051DA00A1E67C /* SQLPersistanceTests */,
				4B258CA9206051DA00A1E67C /* SQLPersistanceUITests */,
			);
		};
/* End PBXProject section */

/* Begin PBXResourcesBuildPhase section */
		4B258C89206051DA00A1E67C /* Resources */ = {
			isa = PBXResourcesBuildPhase;
			buildActionMask = 2147483647;
			files = (
				4B258C99206051DA00A1E67C /* LaunchScreen.storyboard in Resources */,
				4B258C96206051DA00A1E67C /* Assets.xcassets in Resources */,
				4B258C94206051DA00A1E67C /* Main.storyboard in Resources */,
			);
			runOnlyForDeploymentPostprocessing = 0;
		};
		4B258C9D206051DA00A1E67C /* Resources */ = {
			isa = PBXResourcesBuildPhase;
			buildActionMask = 2147483647;
			files = (
			);
			runOnlyForDeploymentPostprocessing = 0;
		};
		4B258CA8206051DA00A1E67C /* Resources */ = {
			isa = PBXResourcesBuildPhase;
			buildActionMask = 2147483647;
			files = (
			);
			runOnlyForDeploymentPostprocessing = 0;
		};
/* End PBXResourcesBuildPhase section */

/* Begin PBXSourcesBuildPhase section */
		4B258C87206051DA00A1E67C /* Sources */ = {
			isa = PBXSourcesBuildPhase;
			buildActionMask = 2147483647;
			files = (
				4B258C91206051DA00A1E67C /* ViewController.swift in Sources */,
				4B258C8F206051DA00A1E67C /* AppDelegate.swift in Sources */,
			);
			runOnlyForDeploymentPostprocessing = 0;
		};
		4B258C9B206051DA00A1E67C /* Sources */ = {
			isa = PBXSourcesBuildPhase;
			buildActionMask = 2147483647;
			files = (
				4B258CA4206051DA00A1E67C /* SQLPersistanceTests.swift in Sources */,
			);
			runOnlyForDeploymentPostprocessing = 0;
		};
		4B258CA6206051DA00A1E67C /* Sources */ = {
			isa = PBXSourcesBuildPhase;
			buildActionMask = 2147483647;
			files = (
				4B258CAF206051DA00A1E67C /* SQLPersistanceUITests.swift in Sources */,
			);
			runOnlyForDeploymentPostprocessing = 0;
		};
/* End PBXSourcesBuildPhase section */

/* Begin PBXTargetDependency section */
		4B258CA1206051DA00A1E67C /* PBXTargetDependency */ = {
			isa = PBXTargetDependency;
			target = 4B258C8A206051DA00A1E67C /* SQLPersistance */;
			targetProxy = 4B258CA0206051DA00A1E67C /* PBXContainerItemProxy */;
		};
		4B258CAC206051DA00A1E67C /* PBXTargetDependency */ = {
			isa = PBXTargetDependency;
			target = 4B258C8A206051DA00A1E67C /* SQLPersistance */;
			targetProxy = 4B258CAB206051DA00A1E67C /* PBXContainerItemProxy */;
		};
/* End PBXTargetDependency section */

/* Begin PBXVariantGroup section */
		4B258C92206051DA00A1E67C /* Main.storyboard */ = {
			isa = PBXVariantGroup;
			children = (
				4B258C93206051DA00A1E67C /* Base */,
			);
			name = Main.storyboard;
			sourceTree = "<group>";
		};
		4B258C97206051DA00A1E67C /* LaunchScreen.storyboard */ = {
			isa = PBXVariantGroup;
			children = (
				4B258C98206051DA00A1E67C /* Base */,
			);
			name = LaunchScreen.storyboard;
			sourceTree = "<group>";
		};
/* End PBXVariantGroup section */

/* Begin XCBuildConfiguration section */
		4B258CB1206051DA00A1E67C /* Debug */ = {
			isa = XCBuildConfiguration;
			buildSettings = {
				ALWAYS_SEARCH_USER_PATHS = NO;
				CLANG_ANALYZER_NONNULL = YES;
				CLANG_ANALYZER_NUMBER_OBJECT_CONVERSION = YES_AGGRESSIVE;
				CLANG_CXX_LANGUAGE_STANDARD = "gnu++0x";
				CLANG_CXX_LIBRARY = "libc++";
				CLANG_ENABLE_MODULES = YES;
				CLANG_ENABLE_OBJC_ARC = YES;
				CLANG_WARN_BOOL_CONVERSION = YES;
				CLANG_WARN_CONSTANT_CONVERSION = YES;
				CLANG_WARN_DIRECT_OBJC_ISA_USAGE = YES_ERROR;
				CLANG_WARN_DOCUMENTATION_COMMENTS = YES;
				CLANG_WARN_EMPTY_BODY = YES;
				CLANG_WARN_ENUM_CONVERSION = YES;
				CLANG_WARN_INFINITE_RECURSION = YES;
				CLANG_WARN_INT_CONVERSION = YES;
				CLANG_WARN_OBJC_ROOT_CLASS = YES_ERROR;
				CLANG_WARN_SUSPICIOUS_MOVE = YES;
				CLANG_WARN_UNREACHABLE_CODE = YES;
				CLANG_WARN__DUPLICATE_METHOD_MATCH = YES;
				"CODE_SIGN_IDENTITY[sdk=iphoneos*]" = "iPhone Developer";
				COPY_PHASE_STRIP = NO;
				DEBUG_INFORMATION_FORMAT = dwarf;
				ENABLE_STRICT_OBJC_MSGSEND = YES;
				ENABLE_TESTABILITY = YES;
				GCC_C_LANGUAGE_STANDARD = gnu99;
				GCC_DYNAMIC_NO_PIC = NO;
				GCC_NO_COMMON_BLOCKS = YES;
				GCC_OPTIMIZATION_LEVEL = 0;
				GCC_PREPROCESSOR_DEFINITIONS = (
					"DEBUG=1",
					"$(inherited)",
				);
				GCC_WARN_64_TO_32_BIT_CONVERSION = YES;
				GCC_WARN_ABOUT_RETURN_TYPE = YES_ERROR;
				GCC_WARN_UNDECLARED_SELECTOR = YES;
				GCC_WARN_UNINITIALIZED_AUTOS = YES_AGGRESSIVE;
				GCC_WARN_UNUSED_FUNCTION = YES;
				GCC_WARN_UNUSED_VARIABLE = YES;
				IPHONEOS_DEPLOYMENT_TARGET = 10.3;
				MTL_ENABLE_DEBUG_INFO = YES;
				ONLY_ACTIVE_ARCH = YES;
				SDKROOT = iphoneos;
				SWIFT_ACTIVE_COMPILATION_CONDITIONS = DEBUG;
				SWIFT_OPTIMIZATION_LEVEL = "-Onone";
				TARGETED_DEVICE_FAMILY = "1,2";
			};
			name = Debug;
		};
		4B258CB2206051DA00A1E67C /* Release */ = {
			isa = XCBuildConfiguration;
			buildSettings = {
				ALWAYS_SEARCH_USER_PATHS = NO;
				CLANG_ANALYZER_NONNULL = YES;
				CLANG_ANALYZER_NUMBER_OBJECT_CONVERSION = YES_AGGRESSIVE;
				CLANG_CXX_LANGUAGE_STANDARD = "gnu++0x";
				CLANG_CXX_LIBRARY = "libc++";
				CLANG_ENABLE_MODULES = YES;
				CLANG_ENABLE_OBJC_ARC = YES;
				CLANG_WARN_BOOL_CONVERSION = YES;
				CLANG_WARN_CONSTANT_CONVERSION = YES;
				CLANG_WARN_DIRECT_OBJC_ISA_USAGE = YES_ERROR;
				CLANG_WARN_DOCUMENTATION_COMMENTS = YES;
				CLANG_WARN_EMPTY_BODY = YES;
				CLANG_WARN_ENUM_CONVERSION = YES;
				CLANG_WARN_INFINITE_RECURSION = YES;
				CLANG_WARN_INT_CONVERSION = YES;
				CLANG_WARN_OBJC_ROOT_CLASS = YES_ERROR;
				CLANG_WARN_SUSPICIOUS_MOVE = YES;
				CLANG_WARN_UNREACHABLE_CODE = YES;
				CLANG_WARN__DUPLICATE_METHOD_MATCH = YES;
				"CODE_SIGN_IDENTITY[sdk=iphoneos*]" = "iPhone Developer";
				COPY_PHASE_STRIP = NO;
				DEBUG_INFORMATION_FORMAT = "dwarf-with-dsym";
				ENABLE_NS_ASSERTIONS = NO;
				ENABLE_STRICT_OBJC_MSGSEND = YES;
				GCC_C_LANGUAGE_STANDARD = gnu99;
				GCC_NO_COMMON_BLOCKS = YES;
				GCC_WARN_64_TO_32_BIT_CONVERSION = YES;
				GCC_WARN_ABOUT_RETURN_TYPE = YES_ERROR;
				GCC_WARN_UNDECLARED_SELECTOR = YES;
				GCC_WARN_UNINITIALIZED_AUTOS = YES_AGGRESSIVE;
				GCC_WARN_UNUSED_FUNCTION = YES;
				GCC_WARN_UNUSED_VARIABLE = YES;
				IPHONEOS_DEPLOYMENT_TARGET = 10.3;
				MTL_ENABLE_DEBUG_INFO = NO;
				SDKROOT = iphoneos;
				SWIFT_OPTIMIZATION_LEVEL = "-Owholemodule";
				TARGETED_DEVICE_FAMILY = "1,2";
				VALIDATE_PRODUCT = YES;
			};
			name = Release;
		};
		4B258CB4206051DA00A1E67C /* Debug */ = {
			isa = XCBuildConfiguration;
			buildSettings = {
				ASSETCATALOG_COMPILER_APPICON_NAME = AppIcon;
				CLANG_ENABLE_MODULES = YES;
				INFOPLIST_FILE = SQLPersistance/Info.plist;
				LD_RUNPATH_SEARCH_PATHS = "$(inherited) @executable_path/Frameworks";
				PRODUCT_BUNDLE_IDENTIFIER = com.javier.perez.SQLPersistance;
				PRODUCT_NAME = "$(TARGET_NAME)";
				SWIFT_OBJC_BRIDGING_HEADER = "SQLPersistance/SQLPersistance-Bridging-Header.h";
				SWIFT_OPTIMIZATION_LEVEL = "-Onone";
				SWIFT_VERSION = 3.0;
			};
			name = Debug;
		};
		4B258CB5206051DA00A1E67C /* Release */ = {
			isa = XCBuildConfiguration;
			buildSettings = {
				ASSETCATALOG_COMPILER_APPICON_NAME = AppIcon;
				CLANG_ENABLE_MODULES = YES;
				INFOPLIST_FILE = SQLPersistance/Info.plist;
				LD_RUNPATH_SEARCH_PATHS = "$(inherited) @executable_path/Frameworks";
				PRODUCT_BUNDLE_IDENTIFIER = com.javier.perez.SQLPersistance;
				PRODUCT_NAME = "$(TARGET_NAME)";
				SWIFT_OBJC_BRIDGING_HEADER = "SQLPersistance/SQLPersistance-Bridging-Header.h";
				SWIFT_VERSION = 3.0;
			};
			name = Release;
		};
		4B258CB7206051DA00A1E67C /* Debug */ = {
			isa = XCBuildConfiguration;
			buildSettings = {
				ALWAYS_EMBED_SWIFT_STANDARD_LIBRARIES = YES;
				BUNDLE_LOADER = "$(TEST_HOST)";
				INFOPLIST_FILE = SQLPersistanceTests/Info.plist;
				LD_RUNPATH_SEARCH_PATHS = "$(inherited) @executable_path/Frameworks @loader_path/Frameworks";
				PRODUCT_BUNDLE_IDENTIFIER = com.javier.perez.SQLPersistanceTests;
				PRODUCT_NAME = "$(TARGET_NAME)";
				SWIFT_VERSION = 3.0;
				TEST_HOST = "$(BUILT_PRODUCTS_DIR)/SQLPersistance.app/SQLPersistance";
			};
			name = Debug;
		};
		4B258CB8206051DA00A1E67C /* Release */ = {
			isa = XCBuildConfiguration;
			buildSettings = {
				ALWAYS_EMBED_SWIFT_STANDARD_LIBRARIES = YES;
				BUNDLE_LOADER = "$(TEST_HOST)";
				INFOPLIST_FILE = SQLPersistanceTests/Info.plist;
				LD_RUNPATH_SEARCH_PATHS = "$(inherited) @executable_path/Frameworks @loader_path/Frameworks";
				PRODUCT_BUNDLE_IDENTIFIER = com.javier.perez.SQLPersistanceTests;
				PRODUCT_NAME = "$(TARGET_NAME)";
				SWIFT_VERSION = 3.0;
				TEST_HOST = "$(BUILT_PRODUCTS_DIR)/SQLPersistance.app/SQLPersistance";
			};
			name = Release;
		};
		4B258CBA206051DA00A1E67C /* Debug */ = {
			isa = XCBuildConfiguration;
			buildSettings = {
				ALWAYS_EMBED_SWIFT_STANDARD_LIBRARIES = YES;
				INFOPLIST_FILE = SQLPersistanceUITests/Info.plist;
				LD_RUNPATH_SEARCH_PATHS = "$(inherited) @executable_path/Frameworks @loader_path/Frameworks";
				PRODUCT_BUNDLE_IDENTIFIER = com.javier.perez.SQLPersistanceUITests;
				PRODUCT_NAME = "$(TARGET_NAME)";
				SWIFT_VERSION = 3.0;
				TEST_TARGET_NAME = SQLPersistance;
			};
			name = Debug;
		};
		4B258CBB206051DA00A1E67C /* Release */ = {
			isa = XCBuildConfiguration;
			buildSettings = {
				ALWAYS_EMBED_SWIFT_STANDARD_LIBRARIES = YES;
				INFOPLIST_FILE = SQLPersistanceUITests/Info.plist;
				LD_RUNPATH_SEARCH_PATHS = "$(inherited) @executable_path/Frameworks @loader_path/Frameworks";
				PRODUCT_BUNDLE_IDENTIFIER = com.javier.perez.SQLPersistanceUITests;
				PRODUCT_NAME = "$(TARGET_NAME)";
				SWIFT_VERSION = 3.0;
				TEST_TARGET_NAME = SQLPersistance;
			};
			name = Release;
		};
/* End XCBuildConfiguration section */

/* Begin XCConfigurationList section */
		4B258C86206051DA00A1E67C /* Build configuration list for PBXProject "SQLPersistance" */ = {
			isa = XCConfigurationList;
			buildConfigurations = (
				4B258CB1206051DA00A1E67C /* Debug */,
				4B258CB2206051DA00A1E67C /* Release */,
			);
			defaultConfigurationIsVisible = 0;
			defaultConfigurationName = Release;
		};
		4B258CB3206051DA00A1E67C /* Build configuration list for PBXNativeTarget "SQLPersistance" */ = {
			isa = XCConfigurationList;
			buildConfigurations = (
				4B258CB4206051DA00A1E67C /* Debug */,
				4B258CB5206051DA00A1E67C /* Release */,
			);
			defaultConfigurationIsVisible = 0;
		};
		4B258CB6206051DA00A1E67C /* Build configuration list for PBXNativeTarget "SQLPersistanceTests" */ = {
			isa = XCConfigurationList;
			buildConfigurations = (
				4B258CB7206051DA00A1E67C /* Debug */,
				4B258CB8206051DA00A1E67C /* Release */,
			);
			defaultConfigurationIsVisible = 0;
		};
		4B258CB9206051DA00A1E67C /* Build configuration list for PBXNativeTarget "SQLPersistanceUITests" */ = {
			isa = XCConfigurationList;
			buildConfigurations = (
				4B258CBA206051DA00A1E67C /* Debug */,
				4B258CBB206051DA00A1E67C /* Release */,
			);
			defaultConfigurationIsVisible = 0;
		};
/* End XCConfigurationList section */
	};
	rootObject = 4B258C83206051DA00A1E67C /* Project object */;
}
